// !$*UTF8*$!
{
	archiveVersion = 1;
	classes = {
	};
	objectVersion = 56;
	objects = {

/* Begin PBXBuildFile section */
		96877B27291EAEE5009D61EF /* floatingTabViewApp.swift in Sources */ = {isa = PBXBuildFile; fileRef = 96877B26291EAEE5009D61EF /* floatingTabViewApp.swift */; };
		96877B29291EAEE5009D61EF /* FloatingTabView.swift in Sources */ = {isa = PBXBuildFile; fileRef = 96877B28291EAEE5009D61EF /* FloatingTabView.swift */; };
		96877B2B291EAEE6009D61EF /* Assets.xcassets in Resources */ = {isa = PBXBuildFile; fileRef = 96877B2A291EAEE6009D61EF /* Assets.xcassets */; };
		96877B2E291EAEE6009D61EF /* Preview Assets.xcassets in Resources */ = {isa = PBXBuildFile; fileRef = 96877B2D291EAEE6009D61EF /* Preview Assets.xcassets */; };
		96877B37291EB5F5009D61EF /* FloatingTabViewHelper.swift in Sources */ = {isa = PBXBuildFile; fileRef = 96877B36291EB5F5009D61EF /* FloatingTabViewHelper.swift */; };
		96877B3B291EBBBA009D61EF /* FloatingTabManager.swift in Sources */ = {isa = PBXBuildFile; fileRef = 96877B3A291EBBBA009D61EF /* FloatingTabManager.swift */; };
		96877B3E291EC23A009D61EF /* FloatingTabItemView.swift in Sources */ = {isa = PBXBuildFile; fileRef = 96877B3D291EC23A009D61EF /* FloatingTabItemView.swift */; };
		96877B40291EC2A1009D61EF /* FloatingTabOption.swift in Sources */ = {isa = PBXBuildFile; fileRef = 96877B3F291EC2A1009D61EF /* FloatingTabOption.swift */; };
		96877B42291EC2D3009D61EF /* FloatingTabItem.swift in Sources */ = {isa = PBXBuildFile; fileRef = 96877B41291EC2D3009D61EF /* FloatingTabItem.swift */; };
		96877B45291EC72D009D61EF /* FloatingCustomTabView.swift in Sources */ = {isa = PBXBuildFile; fileRef = 96877B44291EC72D009D61EF /* FloatingCustomTabView.swift */; };
		96877B47291ECADB009D61EF /* FloatingTabBottomView.swift in Sources */ = {isa = PBXBuildFile; fileRef = 96877B46291ECADB009D61EF /* FloatingTabBottomView.swift */; };
		96877B49291ED470009D61EF /* PopoutMenu.swift in Sources */ = {isa = PBXBuildFile; fileRef = 96877B48291ED470009D61EF /* PopoutMenu.swift */; };
/* End PBXBuildFile section */

/* Begin PBXFileReference section */
		96877B23291EAEE5009D61EF /* floatingTabView.app */ = {isa = PBXFileReference; explicitFileType = wrapper.application; includeInIndex = 0; path = floatingTabView.app; sourceTree = BUILT_PRODUCTS_DIR; };
		96877B26291EAEE5009D61EF /* floatingTabViewApp.swift */ = {isa = PBXFileReference; lastKnownFileType = sourcecode.swift; path = floatingTabViewApp.swift; sourceTree = "<group>"; };
		96877B28291EAEE5009D61EF /* FloatingTabView.swift */ = {isa = PBXFileReference; lastKnownFileType = sourcecode.swift; path = FloatingTabView.swift; sourceTree = "<group>"; };
		96877B2A291EAEE6009D61EF /* Assets.xcassets */ = {isa = PBXFileReference; lastKnownFileType = folder.assetcatalog; path = Assets.xcassets; sourceTree = "<group>"; };
		96877B2D291EAEE6009D61EF /* Preview Assets.xcassets */ = {isa = PBXFileReference; lastKnownFileType = folder.assetcatalog; path = "Preview Assets.xcassets"; sourceTree = "<group>"; };
		96877B34291EAEF5009D61EF /* README.md */ = {isa = PBXFileReference; lastKnownFileType = net.daringfireball.markdown; path = README.md; sourceTree = "<group>"; };
		96877B36291EB5F5009D61EF /* FloatingTabViewHelper.swift */ = {isa = PBXFileReference; lastKnownFileType = sourcecode.swift; path = FloatingTabViewHelper.swift; sourceTree = "<group>"; };
		96877B3A291EBBBA009D61EF /* FloatingTabManager.swift */ = {isa = PBXFileReference; lastKnownFileType = sourcecode.swift; path = FloatingTabManager.swift; sourceTree = "<group>"; };
		96877B3D291EC23A009D61EF /* FloatingTabItemView.swift */ = {isa = PBXFileReference; lastKnownFileType = sourcecode.swift; path = FloatingTabItemView.swift; sourceTree = "<group>"; };
		96877B3F291EC2A1009D61EF /* FloatingTabOption.swift */ = {isa = PBXFileReference; lastKnownFileType = sourcecode.swift; path = FloatingTabOption.swift; sourceTree = "<group>"; };
		96877B41291EC2D3009D61EF /* FloatingTabItem.swift */ = {isa = PBXFileReference; lastKnownFileType = sourcecode.swift; path = FloatingTabItem.swift; sourceTree = "<group>"; };
		96877B44291EC72D009D61EF /* FloatingCustomTabView.swift */ = {isa = PBXFileReference; lastKnownFileType = sourcecode.swift; path = FloatingCustomTabView.swift; sourceTree = "<group>"; };
		96877B46291ECADB009D61EF /* FloatingTabBottomView.swift */ = {isa = PBXFileReference; lastKnownFileType = sourcecode.swift; path = FloatingTabBottomView.swift; sourceTree = "<group>"; };
		96877B48291ED470009D61EF /* PopoutMenu.swift */ = {isa = PBXFileReference; lastKnownFileType = sourcecode.swift; path = PopoutMenu.swift; sourceTree = "<group>"; };
/* End PBXFileReference section */

/* Begin PBXFrameworksBuildPhase section */
		96877B20291EAEE5009D61EF /* Frameworks */ = {
			isa = PBXFrameworksBuildPhase;
			buildActionMask = 2147483647;
			files = (
			);
			runOnlyForDeploymentPostprocessing = 0;
		};
/* End PBXFrameworksBuildPhase section */

/* Begin PBXGroup section */
		96877B1A291EAEE5009D61EF = {
			isa = PBXGroup;
			children = (
				96877B34291EAEF5009D61EF /* README.md */,
				96877B25291EAEE5009D61EF /* floatingTabView */,
				96877B24291EAEE5009D61EF /* Products */,
			);
			sourceTree = "<group>";
		};
		96877B24291EAEE5009D61EF /* Products */ = {
			isa = PBXGroup;
			children = (
				96877B23291EAEE5009D61EF /* floatingTabView.app */,
			);
			name = Products;
			sourceTree = "<group>";
		};
		96877B25291EAEE5009D61EF /* floatingTabView */ = {
			isa = PBXGroup;
			children = (
				96877B26291EAEE5009D61EF /* floatingTabViewApp.swift */,
				96877B28291EAEE5009D61EF /* FloatingTabView.swift */,
				96877B2A291EAEE6009D61EF /* Assets.xcassets */,
				96877B2C291EAEE6009D61EF /* Preview Content */,
				96877B3C291EC213009D61EF /* TabView */,
			);
			path = floatingTabView;
			sourceTree = "<group>";
		};
		96877B2C291EAEE6009D61EF /* Preview Content */ = {
			isa = PBXGroup;
			children = (
				96877B2D291EAEE6009D61EF /* Preview Assets.xcassets */,
			);
			path = "Preview Content";
			sourceTree = "<group>";
		};
		96877B3C291EC213009D61EF /* TabView */ = {
			isa = PBXGroup;
			children = (
				96877B36291EB5F5009D61EF /* FloatingTabViewHelper.swift */,
				96877B3A291EBBBA009D61EF /* FloatingTabManager.swift */,
				96877B3F291EC2A1009D61EF /* FloatingTabOption.swift */,
				96877B41291EC2D3009D61EF /* FloatingTabItem.swift */,
				96877B48291ED470009D61EF /* PopoutMenu.swift */,
				96877B43291EC326009D61EF /* Views */,
			);
			path = TabView;
			sourceTree = "<group>";
		};
		96877B43291EC326009D61EF /* Views */ = {
			isa = PBXGroup;
			children = (
				96877B3D291EC23A009D61EF /* FloatingTabItemView.swift */,
				96877B46291ECADB009D61EF /* FloatingTabBottomView.swift */,
				96877B44291EC72D009D61EF /* FloatingCustomTabView.swift */,
			);
			path = Views;
			sourceTree = "<group>";
		};
/* End PBXGroup section */

/* Begin PBXNativeTarget section */
		96877B22291EAEE5009D61EF /* floatingTabView */ = {
			isa = PBXNativeTarget;
			buildConfigurationList = 96877B31291EAEE6009D61EF /* Build configuration list for PBXNativeTarget "floatingTabView" */;
			buildPhases = (
				96877B1F291EAEE5009D61EF /* Sources */,
				96877B20291EAEE5009D61EF /* Frameworks */,
				96877B21291EAEE5009D61EF /* Resources */,
			);
			buildRules = (
			);
			dependencies = (
			);
			name = floatingTabView;
			productName = floatingTabView;
			productReference = 96877B23291EAEE5009D61EF /* floatingTabView.app */;
			productType = "com.apple.product-type.application";
		};
/* End PBXNativeTarget section */

/* Begin PBXProject section */
		96877B1B291EAEE5009D61EF /* Project object */ = {
			isa = PBXProject;
			attributes = {
				BuildIndependentTargetsInParallel = 1;
				LastSwiftUpdateCheck = 1410;
				LastUpgradeCheck = 1410;
				TargetAttributes = {
					96877B22291EAEE5009D61EF = {
						CreatedOnToolsVersion = 14.1;
					};
				};
			};
			buildConfigurationList = 96877B1E291EAEE5009D61EF /* Build configuration list for PBXProject "floatingTabView" */;
			compatibilityVersion = "Xcode 14.0";
			developmentRegion = en;
			hasScannedForEncodings = 0;
			knownRegions = (
				en,
				Base,
			);
			mainGroup = 96877B1A291EAEE5009D61EF;
			productRefGroup = 96877B24291EAEE5009D61EF /* Products */;
			projectDirPath = "";
			projectRoot = "";
			targets = (
				96877B22291EAEE5009D61EF /* floatingTabView */,
			);
		};
/* End PBXProject section */

/* Begin PBXResourcesBuildPhase section */
		96877B21291EAEE5009D61EF /* Resources */ = {
			isa = PBXResourcesBuildPhase;
			buildActionMask = 2147483647;
			files = (
				96877B2E291EAEE6009D61EF /* Preview Assets.xcassets in Resources */,
				96877B2B291EAEE6009D61EF /* Assets.xcassets in Resources */,
			);
			runOnlyForDeploymentPostprocessing = 0;
		};
/* End PBXResourcesBuildPhase section */

/* Begin PBXSourcesBuildPhase section */
		96877B1F291EAEE5009D61EF /* Sources */ = {
			isa = PBXSourcesBuildPhase;
			buildActionMask = 2147483647;
			files = (
				96877B29291EAEE5009D61EF /* FloatingTabView.swift in Sources */,
				96877B49291ED470009D61EF /* PopoutMenu.swift in Sources */,
				96877B47291ECADB009D61EF /* FloatingTabBottomView.swift in Sources */,
				96877B37291EB5F5009D61EF /* FloatingTabViewHelper.swift in Sources */,
				96877B42291EC2D3009D61EF /* FloatingTabItem.swift in Sources */,
				96877B40291EC2A1009D61EF /* FloatingTabOption.swift in Sources */,
				96877B27291EAEE5009D61EF /* floatingTabViewApp.swift in Sources */,
				96877B3E291EC23A009D61EF /* FloatingTabItemView.swift in Sources */,
				96877B3B291EBBBA009D61EF /* FloatingTabManager.swift in Sources */,
				96877B45291EC72D009D61EF /* FloatingCustomTabView.swift in Sources */,
			);
			runOnlyForDeploymentPostprocessing = 0;
		};
/* End PBXSourcesBuildPhase section */

/* Begin XCBuildConfiguration section */
		96877B2F291EAEE6009D61EF /* Debug */ = {
			isa = XCBuildConfiguration;
			buildSettings = {
				ALWAYS_SEARCH_USER_PATHS = NO;
				CLANG_ANALYZER_NONNULL = YES;
				CLANG_ANALYZER_NUMBER_OBJECT_CONVERSION = YES_AGGRESSIVE;
				CLANG_CXX_LANGUAGE_STANDARD = "gnu++20";
				CLANG_ENABLE_MODULES = YES;
				CLANG_ENABLE_OBJC_ARC = YES;
				CLANG_ENABLE_OBJC_WEAK = YES;
				CLANG_WARN_BLOCK_CAPTURE_AUTORELEASING = YES;
				CLANG_WARN_BOOL_CONVERSION = YES;
				CLANG_WARN_COMMA = YES;
				CLANG_WARN_CONSTANT_CONVERSION = YES;
				CLANG_WARN_DEPRECATED_OBJC_IMPLEMENTATIONS = YES;
				CLANG_WARN_DIRECT_OBJC_ISA_USAGE = YES_ERROR;
				CLANG_WARN_DOCUMENTATION_COMMENTS = YES;
				CLANG_WARN_EMPTY_BODY = YES;
				CLANG_WARN_ENUM_CONVERSION = YES;
				CLANG_WARN_INFINITE_RECURSION = YES;
				CLANG_WARN_INT_CONVERSION = YES;
				CLANG_WARN_NON_LITERAL_NULL_CONVERSION = YES;
				CLANG_WARN_OBJC_IMPLICIT_RETAIN_SELF = YES;
				CLANG_WARN_OBJC_LITERAL_CONVERSION = YES;
				CLANG_WARN_OBJC_ROOT_CLASS = YES_ERROR;
				CLANG_WARN_QUOTED_INCLUDE_IN_FRAMEWORK_HEADER = YES;
				CLANG_WARN_RANGE_LOOP_ANALYSIS = YES;
				CLANG_WARN_STRICT_PROTOTYPES = YES;
				CLANG_WARN_SUSPICIOUS_MOVE = YES;
				CLANG_WARN_UNGUARDED_AVAILABILITY = YES_AGGRESSIVE;
				CLANG_WARN_UNREACHABLE_CODE = YES;
				CLANG_WARN__DUPLICATE_METHOD_MATCH = YES;
				COPY_PHASE_STRIP = NO;
				DEBUG_INFORMATION_FORMAT = dwarf;
				ENABLE_STRICT_OBJC_MSGSEND = YES;
				ENABLE_TESTABILITY = YES;
				GCC_C_LANGUAGE_STANDARD = gnu11;
				GCC_DYNAMIC_NO_PIC = NO;
				GCC_NO_COMMON_BLOCKS = YES;
				GCC_OPTIMIZATION_LEVEL = 0;
				GCC_PREPROCESSOR_DEFINITIONS = (
					"DEBUG=1",
					"$(inherited)",
				);
				GCC_WARN_64_TO_32_BIT_CONVERSION = YES;
				GCC_WARN_ABOUT_RETURN_TYPE = YES_ERROR;
				GCC_WARN_UNDECLARED_SELECTOR = YES;
				GCC_WARN_UNINITIALIZED_AUTOS = YES_AGGRESSIVE;
				GCC_WARN_UNUSED_FUNCTION = YES;
				GCC_WARN_UNUSED_VARIABLE = YES;
				IPHONEOS_DEPLOYMENT_TARGET = 16.1;
				MTL_ENABLE_DEBUG_INFO = INCLUDE_SOURCE;
				MTL_FAST_MATH = YES;
				ONLY_ACTIVE_ARCH = YES;
				SDKROOT = iphoneos;
				SWIFT_ACTIVE_COMPILATION_CONDITIONS = DEBUG;
				SWIFT_OPTIMIZATION_LEVEL = "-Onone";
			};
			name = Debug;
		};
		96877B30291EAEE6009D61EF /* Release */ = {
			isa = XCBuildConfiguration;
			buildSettings = {
				ALWAYS_SEARCH_USER_PATHS = NO;
				CLANG_ANALYZER_NONNULL = YES;
				CLANG_ANALYZER_NUMBER_OBJECT_CONVERSION = YES_AGGRESSIVE;
				CLANG_CXX_LANGUAGE_STANDARD = "gnu++20";
				CLANG_ENABLE_MODULES = YES;
				CLANG_ENABLE_OBJC_ARC = YES;
				CLANG_ENABLE_OBJC_WEAK = YES;
				CLANG_WARN_BLOCK_CAPTURE_AUTORELEASING = YES;
				CLANG_WARN_BOOL_CONVERSION = YES;
				CLANG_WARN_COMMA = YES;
				CLANG_WARN_CONSTANT_CONVERSION = YES;
				CLANG_WARN_DEPRECATED_OBJC_IMPLEMENTATIONS = YES;
				CLANG_WARN_DIRECT_OBJC_ISA_USAGE = YES_ERROR;
				CLANG_WARN_DOCUMENTATION_COMMENTS = YES;
				CLANG_WARN_EMPTY_BODY = YES;
				CLANG_WARN_ENUM_CONVERSION = YES;
				CLANG_WARN_INFINITE_RECURSION = YES;
				CLANG_WARN_INT_CONVERSION = YES;
				CLANG_WARN_NON_LITERAL_NULL_CONVERSION = YES;
				CLANG_WARN_OBJC_IMPLICIT_RETAIN_SELF = YES;
				CLANG_WARN_OBJC_LITERAL_CONVERSION = YES;
				CLANG_WARN_OBJC_ROOT_CLASS = YES_ERROR;
				CLANG_WARN_QUOTED_INCLUDE_IN_FRAMEWORK_HEADER = YES;
				CLANG_WARN_RANGE_LOOP_ANALYSIS = YES;
				CLANG_WARN_STRICT_PROTOTYPES = YES;
				CLANG_WARN_SUSPICIOUS_MOVE = YES;
				CLANG_WARN_UNGUARDED_AVAILABILITY = YES_AGGRESSIVE;
				CLANG_WARN_UNREACHABLE_CODE = YES;
				CLANG_WARN__DUPLICATE_METHOD_MATCH = YES;
				COPY_PHASE_STRIP = NO;
				DEBUG_INFORMATION_FORMAT = "dwarf-with-dsym";
				ENABLE_NS_ASSERTIONS = NO;
				ENABLE_STRICT_OBJC_MSGSEND = YES;
				GCC_C_LANGUAGE_STANDARD = gnu11;
				GCC_NO_COMMON_BLOCKS = YES;
				GCC_WARN_64_TO_32_BIT_CONVERSION = YES;
				GCC_WARN_ABOUT_RETURN_TYPE = YES_ERROR;
				GCC_WARN_UNDECLARED_SELECTOR = YES;
				GCC_WARN_UNINITIALIZED_AUTOS = YES_AGGRESSIVE;
				GCC_WARN_UNUSED_FUNCTION = YES;
				GCC_WARN_UNUSED_VARIABLE = YES;
				IPHONEOS_DEPLOYMENT_TARGET = 16.1;
				MTL_ENABLE_DEBUG_INFO = NO;
				MTL_FAST_MATH = YES;
				SDKROOT = iphoneos;
				SWIFT_COMPILATION_MODE = wholemodule;
				SWIFT_OPTIMIZATION_LEVEL = "-O";
				VALIDATE_PRODUCT = YES;
			};
			name = Release;
		};
		96877B32291EAEE6009D61EF /* Debug */ = {
			isa = XCBuildConfiguration;
			buildSettings = {
				ASSETCATALOG_COMPILER_APPICON_NAME = AppIcon;
				ASSETCATALOG_COMPILER_GLOBAL_ACCENT_COLOR_NAME = AccentColor;
				CODE_SIGN_STYLE = Automatic;
				CURRENT_PROJECT_VERSION = 1;
				DEVELOPMENT_ASSET_PATHS = "\"floatingTabView/Preview Content\"";
				DEVELOPMENT_TEAM = HMZ9W429KY;
				ENABLE_PREVIEWS = YES;
				GENERATE_INFOPLIST_FILE = YES;
				INFOPLIST_KEY_UIApplicationSceneManifest_Generation = YES;
				INFOPLIST_KEY_UIApplicationSupportsIndirectInputEvents = YES;
				INFOPLIST_KEY_UILaunchScreen_Generation = YES;
				INFOPLIST_KEY_UISupportedInterfaceOrientations_iPad = "UIInterfaceOrientationPortrait UIInterfaceOrientationPortraitUpsideDown UIInterfaceOrientationLandscapeLeft UIInterfaceOrientationLandscapeRight";
				INFOPLIST_KEY_UISupportedInterfaceOrientations_iPhone = "UIInterfaceOrientationPortrait UIInterfaceOrientationLandscapeLeft UIInterfaceOrientationLandscapeRight";
				LD_RUNPATH_SEARCH_PATHS = (
					"$(inherited)",
					"@executable_path/Frameworks",
				);
				MARKETING_VERSION = 1.0;
				PRODUCT_BUNDLE_IDENTIFIER = com.kysodev.floatingTabView;
				PRODUCT_NAME = "$(TARGET_NAME)";
				SWIFT_EMIT_LOC_STRINGS = YES;
				SWIFT_VERSION = 5.0;
				TARGETED_DEVICE_FAMILY = "1,2";
			};
			name = Debug;
		};
		96877B33291EAEE6009D61EF /* Release */ = {
			isa = XCBuildConfiguration;
			buildSettings = {
				ASSETCATALOG_COMPILER_APPICON_NAME = AppIcon;
				ASSETCATALOG_COMPILER_GLOBAL_ACCENT_COLOR_NAME = AccentColor;
				CODE_SIGN_STYLE = Automatic;
				CURRENT_PROJECT_VERSION = 1;
				DEVELOPMENT_ASSET_PATHS = "\"floatingTabView/Preview Content\"";
				DEVELOPMENT_TEAM = HMZ9W429KY;
				ENABLE_PREVIEWS = YES;
				GENERATE_INFOPLIST_FILE = YES;
				INFOPLIST_KEY_UIApplicationSceneManifest_Generation = YES;
				INFOPLIST_KEY_UIApplicationSupportsIndirectInputEvents = YES;
				INFOPLIST_KEY_UILaunchScreen_Generation = YES;
				INFOPLIST_KEY_UISupportedInterfaceOrientations_iPad = "UIInterfaceOrientationPortrait UIInterfaceOrientationPortraitUpsideDown UIInterfaceOrientationLandscapeLeft UIInterfaceOrientationLandscapeRight";
				INFOPLIST_KEY_UISupportedInterfaceOrientations_iPhone = "UIInterfaceOrientationPortrait UIInterfaceOrientationLandscapeLeft UIInterfaceOrientationLandscapeRight";
				LD_RUNPATH_SEARCH_PATHS = (
					"$(inherited)",
					"@executable_path/Frameworks",
				);
				MARKETING_VERSION = 1.0;
				PRODUCT_BUNDLE_IDENTIFIER = com.kysodev.floatingTabView;
				PRODUCT_NAME = "$(TARGET_NAME)";
				SWIFT_EMIT_LOC_STRINGS = YES;
				SWIFT_VERSION = 5.0;
				TARGETED_DEVICE_FAMILY = "1,2";
			};
			name = Release;
		};
/* End XCBuildConfiguration section */

/* Begin XCConfigurationList section */
		96877B1E291EAEE5009D61EF /* Build configuration list for PBXProject "floatingTabView" */ = {
			isa = XCConfigurationList;
			buildConfigurations = (
				96877B2F291EAEE6009D61EF /* Debug */,
				96877B30291EAEE6009D61EF /* Release */,
			);
			defaultConfigurationIsVisible = 0;
			defaultConfigurationName = Release;
		};
		96877B31291EAEE6009D61EF /* Build configuration list for PBXNativeTarget "floatingTabView" */ = {
			isa = XCConfigurationList;
			buildConfigurations = (
				96877B32291EAEE6009D61EF /* Debug */,
				96877B33291EAEE6009D61EF /* Release */,
			);
			defaultConfigurationIsVisible = 0;
			defaultConfigurationName = Release;
		};
/* End XCConfigurationList section */
	};
	rootObject = 96877B1B291EAEE5009D61EF /* Project object */;
}
